
Microsoft Visual Studio Solution File, Format Version 12.00
# Visual Studio Version 17
VisualStudioVersion = 17.5.002.0
MinimumVisualStudioVersion = 10.0.40219.1
Project("{9A19103F-16F7-4668-BE54-9A1E7A4F7556}") = "adder", "adder.csproj", "{034BC20B-EBC3-46C9-96D4-EB1C130CE311}"
EndProject
Global
	GlobalSection(SolutionConfigurationPlatforms) = preSolution
		Debug|Any CPU = Debug|Any CPU
		Release|Any CPU = Release|Any CPU
	EndGlobalSection
	GlobalSection(ProjectConfigurationPlatforms) = postSolution
		{034BC20B-EBC3-46C9-96D4-EB1C130CE311}.Debug|Any CPU.ActiveCfg = Debug|Any CPU
		{034BC20B-EBC3-46C9-96D4-EB1C130CE311}.Debug|Any CPU.Build.0 = Debug|Any CPU
		{034BC20B-EBC3-46C9-96D4-EB1C130CE311}.Release|Any CPU.ActiveCfg = Release|Any CPU
		{034BC20B-EBC3-46C9-96D4-EB1C130CE311}.Release|Any CPU.Build.0 = Release|Any CPU
	EndGlobalSection
	GlobalSection(SolutionProperties) = preSolution
		HideSolutionNode = FALSE
	EndGlobalSection
	GlobalSection(ExtensibilityGlobals) = postSolution
		SolutionGuid = {1593820C-C34E-4AE4-A53B-87E4EC3DD90C}
	EndGlobalSection
EndGlobal
